
Microsoft Visual Studio Solution File, Format Version 12.00
# Visual Studio Version 17
VisualStudioVersion = 17.9.34723.18
MinimumVisualStudioVersion = 10.0.40219.1
Project("{8BC9CEB8-8B4A-11D0-8D11-00A0C91BC942}") = "Lab7a", "Lab7a.vcxproj", "{BCE03616-E740-438A-B396-6983C81223D7}"
EndProject
Global
	GlobalSection(SolutionConfigurationPlatforms) = preSolution
		Debug|x64 = Debug|x64
		Debug|x86 = Debug|x86
		Release|x64 = Release|x64
		Release|x86 = Release|x86
	EndGlobalSection
	GlobalSection(ProjectConfigurationPlatforms) = postSolution
		{BCE03616-E740-438A-B396-6983C81223D7}.Debug|x64.ActiveCfg = Debug|x64
		{BCE03616-E740-438A-B396-6983C81223D7}.Debug|x64.Build.0 = Debug|x64
		{BCE03616-E740-438A-B396-6983C81223D7}.Debug|x86.ActiveCfg = Debug|Win32
		{BCE03616-E740-438A-B396-6983C81223D7}.Debug|x86.Build.0 = Debug|Win32
		{BCE03616-E740-438A-B396-6983C81223D7}.Release|x64.ActiveCfg = Release|x64
		{BCE03616-E740-438A-B396-6983C81223D7}.Release|x64.Build.0 = Release|x64
		{BCE03616-E740-438A-B396-6983C81223D7}.Release|x86.ActiveCfg = Release|Win32
		{BCE03616-E740-438A-B396-6983C81223D7}.Release|x86.Build.0 = Release|Win32
	EndGlobalSection
	GlobalSection(SolutionProperties) = preSolution
		HideSolutionNode = FALSE
	EndGlobalSection
	GlobalSection(ExtensibilityGlobals) = postSolution
		SolutionGuid = {15304470-66FD-42F0-AEDE-5F25DE315E8D}
	EndGlobalSection
EndGlobal
